
Microsoft Visual Studio Solution File, Format Version 12.00
# Visual Studio 2012
Project("{6172BD17-D26E-33CB-83AC-25888F82A831}") = "Azure", "Azure\Azure.ccproj", "{40D047D7-B825-4A48-ADED-717D48D99AD0}"
EndProject
Project("{FAE04EC0-301F-11D3-BF4B-00C04F79EFBC}") = "Worker", "Worker\Worker.csproj", "{82029559-6B1A-4F8D-8846-27BB8A36F82A}"
EndProject
Project("{2150E333-8FDC-42A3-9474-1A3956D46DE8}") = ".nuget", ".nuget", "{F377B231-B76D-4DD7-BA88-91E7F1ADB301}"
	ProjectSection(SolutionItems) = preProject
		.nuget\NuGet.Config = .nuget\NuGet.Config
		.nuget\NuGet.exe = .nuget\NuGet.exe
		.nuget\NuGet.targets = .nuget\NuGet.targets
	EndProjectSection
EndProject
Global
	GlobalSection(SolutionConfigurationPlatforms) = preSolution
		Debug|Any CPU = Debug|Any CPU
		Release|Any CPU = Release|Any CPU
	EndGlobalSection
	GlobalSection(ProjectConfigurationPlatforms) = postSolution
		{40D047D7-B825-4A48-ADED-717D48D99AD0}.Debug|Any CPU.ActiveCfg = Debug|Any CPU
		{40D047D7-B825-4A48-ADED-717D48D99AD0}.Debug|Any CPU.Build.0 = Debug|Any CPU
		{40D047D7-B825-4A48-ADED-717D48D99AD0}.Release|Any CPU.ActiveCfg = Release|Any CPU
		{40D047D7-B825-4A48-ADED-717D48D99AD0}.Release|Any CPU.Build.0 = Release|Any CPU
		{82029559-6B1A-4F8D-8846-27BB8A36F82A}.Debug|Any CPU.ActiveCfg = Debug|Any CPU
		{82029559-6B1A-4F8D-8846-27BB8A36F82A}.Debug|Any CPU.Build.0 = Debug|Any CPU
		{82029559-6B1A-4F8D-8846-27BB8A36F82A}.Release|Any CPU.ActiveCfg = Release|Any CPU
		{82029559-6B1A-4F8D-8846-27BB8A36F82A}.Release|Any CPU.Build.0 = Release|Any CPU
	EndGlobalSection
	GlobalSection(SolutionProperties) = preSolution
		HideSolutionNode = FALSE
	EndGlobalSection
EndGlobal
